
Microsoft Visual Studio Solution File, Format Version 12.00
# Visual Studio 14
VisualStudioVersion = 14.0.25420.1
MinimumVisualStudioVersion = 10.0.40219.1
Project("{33AD0EE8-D99B-4E14-8CD9-3F56ABEF97A2}") = "AzureHelper", "AzureHelper\AzureHelper.funproj", "{68CA8813-9566-4DB5-8A29-D3FCD431A750}"
EndProject
Project("{FAE04EC0-301F-11D3-BF4B-00C04F79EFBC}") = "FunctionSupport", "FunctionSupport\FunctionSupport.csproj", "{C60D278C-5F7F-4D27-9B2E-A4C528EAF935}"
EndProject
Global
	GlobalSection(SolutionConfigurationPlatforms) = preSolution
		Debug|Any CPU = Debug|Any CPU
		Release|Any CPU = Release|Any CPU
	EndGlobalSection
	GlobalSection(ProjectConfigurationPlatforms) = postSolution
		{68CA8813-9566-4DB5-8A29-D3FCD431A750}.Debug|Any CPU.ActiveCfg = Debug|Any CPU
		{68CA8813-9566-4DB5-8A29-D3FCD431A750}.Debug|Any CPU.Build.0 = Debug|Any CPU
		{68CA8813-9566-4DB5-8A29-D3FCD431A750}.Release|Any CPU.ActiveCfg = Release|Any CPU
		{68CA8813-9566-4DB5-8A29-D3FCD431A750}.Release|Any CPU.Build.0 = Release|Any CPU
		{C60D278C-5F7F-4D27-9B2E-A4C528EAF935}.Debug|Any CPU.ActiveCfg = Debug|Any CPU
		{C60D278C-5F7F-4D27-9B2E-A4C528EAF935}.Debug|Any CPU.Build.0 = Debug|Any CPU
		{C60D278C-5F7F-4D27-9B2E-A4C528EAF935}.Release|Any CPU.ActiveCfg = Release|Any CPU
		{C60D278C-5F7F-4D27-9B2E-A4C528EAF935}.Release|Any CPU.Build.0 = Release|Any CPU
	EndGlobalSection
	GlobalSection(SolutionProperties) = preSolution
		HideSolutionNode = FALSE
	EndGlobalSection
EndGlobal
